
Microsoft Visual Studio Solution File, Format Version 12.00
# Visual Studio 2013
VisualStudioVersion = 12.0.30723.0
MinimumVisualStudioVersion = 10.0.40219.1
Project("{FAE04EC0-301F-11D3-BF4B-00C04F79EFBC}") = "n1try", "n1try\n1try.csproj", "{D490B050-C742-41E8-BFA7-5B2194C6165A}"
EndProject
Global
	GlobalSection(SolutionConfigurationPlatforms) = preSolution
		Debug|Any CPU = Debug|Any CPU
		Release|Any CPU = Release|Any CPU
	EndGlobalSection
	GlobalSection(ProjectConfigurationPlatforms) = postSolution
		{D490B050-C742-41E8-BFA7-5B2194C6165A}.Debug|Any CPU.ActiveCfg = Debug|Any CPU
		{D490B050-C742-41E8-BFA7-5B2194C6165A}.Debug|Any CPU.Build.0 = Debug|Any CPU
		{D490B050-C742-41E8-BFA7-5B2194C6165A}.Release|Any CPU.ActiveCfg = Release|Any CPU
		{D490B050-C742-41E8-BFA7-5B2194C6165A}.Release|Any CPU.Build.0 = Release|Any CPU
	EndGlobalSection
	GlobalSection(SolutionProperties) = preSolution
		HideSolutionNode = FALSE
	EndGlobalSection
EndGlobal
